
Microsoft Visual Studio Solution File, Format Version 12.00
# Visual Studio Version 17
VisualStudioVersion = 17.0.31903.59
MinimumVisualStudioVersion = 10.0.40219.1
Project("{FAE04EC0-301F-11D3-BF4B-00C04F79EFBC}") = "Presentation", "Presentation\Presentation.csproj", "{0BD2050A-9FF1-4157-92E0-30093E395A53}"
EndProject
Project("{FAE04EC0-301F-11D3-BF4B-00C04F79EFBC}") = "Application", "Application\Application.csproj", "{2AB4FE97-BA54-4ED0-9D21-356C23093A75}"
EndProject
Project("{FAE04EC0-301F-11D3-BF4B-00C04F79EFBC}") = "Infrastructure", "Infrastructure\Infrastructure.csproj", "{062359FF-267A-420B-B162-992CD2D95344}"
EndProject
Project("{FAE04EC0-301F-11D3-BF4B-00C04F79EFBC}") = "Web", "Web\Web.csproj", "{50371F0F-F4BC-4830-8776-5F31FA8F054B}"
EndProject
Project("{FAE04EC0-301F-11D3-BF4B-00C04F79EFBC}") = "Domain", "Domain\Domain.csproj", "{4E24FF5F-4F2D-4E70-A338-66C699B2532E}"
EndProject
Global
	GlobalSection(SolutionConfigurationPlatforms) = preSolution
		Debug|Any CPU = Debug|Any CPU
		Release|Any CPU = Release|Any CPU
	EndGlobalSection
	GlobalSection(SolutionProperties) = preSolution
		HideSolutionNode = FALSE
	EndGlobalSection
	GlobalSection(ProjectConfigurationPlatforms) = postSolution
		{0BD2050A-9FF1-4157-92E0-30093E395A53}.Debug|Any CPU.ActiveCfg = Debug|Any CPU
		{0BD2050A-9FF1-4157-92E0-30093E395A53}.Debug|Any CPU.Build.0 = Debug|Any CPU
		{0BD2050A-9FF1-4157-92E0-30093E395A53}.Release|Any CPU.ActiveCfg = Release|Any CPU
		{0BD2050A-9FF1-4157-92E0-30093E395A53}.Release|Any CPU.Build.0 = Release|Any CPU
		{2AB4FE97-BA54-4ED0-9D21-356C23093A75}.Debug|Any CPU.ActiveCfg = Debug|Any CPU
		{2AB4FE97-BA54-4ED0-9D21-356C23093A75}.Debug|Any CPU.Build.0 = Debug|Any CPU
		{2AB4FE97-BA54-4ED0-9D21-356C23093A75}.Release|Any CPU.ActiveCfg = Release|Any CPU
		{2AB4FE97-BA54-4ED0-9D21-356C23093A75}.Release|Any CPU.Build.0 = Release|Any CPU
		{062359FF-267A-420B-B162-992CD2D95344}.Debug|Any CPU.ActiveCfg = Debug|Any CPU
		{062359FF-267A-420B-B162-992CD2D95344}.Debug|Any CPU.Build.0 = Debug|Any CPU
		{062359FF-267A-420B-B162-992CD2D95344}.Release|Any CPU.ActiveCfg = Release|Any CPU
		{062359FF-267A-420B-B162-992CD2D95344}.Release|Any CPU.Build.0 = Release|Any CPU
		{50371F0F-F4BC-4830-8776-5F31FA8F054B}.Debug|Any CPU.ActiveCfg = Debug|Any CPU
		{50371F0F-F4BC-4830-8776-5F31FA8F054B}.Debug|Any CPU.Build.0 = Debug|Any CPU
		{50371F0F-F4BC-4830-8776-5F31FA8F054B}.Release|Any CPU.ActiveCfg = Release|Any CPU
		{50371F0F-F4BC-4830-8776-5F31FA8F054B}.Release|Any CPU.Build.0 = Release|Any CPU
		{4E24FF5F-4F2D-4E70-A338-66C699B2532E}.Debug|Any CPU.ActiveCfg = Debug|Any CPU
		{4E24FF5F-4F2D-4E70-A338-66C699B2532E}.Debug|Any CPU.Build.0 = Debug|Any CPU
		{4E24FF5F-4F2D-4E70-A338-66C699B2532E}.Release|Any CPU.ActiveCfg = Release|Any CPU
		{4E24FF5F-4F2D-4E70-A338-66C699B2532E}.Release|Any CPU.Build.0 = Release|Any CPU
	EndGlobalSection
EndGlobal
